
Microsoft Visual Studio Solution File, Format Version 12.00
# Visual Studio Version 17
VisualStudioVersion = 17.4.33213.308
MinimumVisualStudioVersion = 10.0.40219.1
Project("{FAE04EC0-301F-11D3-BF4B-00C04F79EFBC}") = "P_vete", "P_vete\P_vete.csproj", "{6196E79A-ED22-4AEC-A8B7-7E73C224D425}"
EndProject
Global
	GlobalSection(SolutionConfigurationPlatforms) = preSolution
		Debug|Any CPU = Debug|Any CPU
		Release|Any CPU = Release|Any CPU
	EndGlobalSection
	GlobalSection(ProjectConfigurationPlatforms) = postSolution
		{6196E79A-ED22-4AEC-A8B7-7E73C224D425}.Debug|Any CPU.ActiveCfg = Debug|Any CPU
		{6196E79A-ED22-4AEC-A8B7-7E73C224D425}.Debug|Any CPU.Build.0 = Debug|Any CPU
		{6196E79A-ED22-4AEC-A8B7-7E73C224D425}.Release|Any CPU.ActiveCfg = Release|Any CPU
		{6196E79A-ED22-4AEC-A8B7-7E73C224D425}.Release|Any CPU.Build.0 = Release|Any CPU
	EndGlobalSection
	GlobalSection(SolutionProperties) = preSolution
		HideSolutionNode = FALSE
	EndGlobalSection
	GlobalSection(ExtensibilityGlobals) = postSolution
		SolutionGuid = {5CBA46E8-1D18-40C1-95B9-BFAEDE1FBF60}
	EndGlobalSection
EndGlobal
